
Microsoft Visual Studio Solution File, Format Version 12.00
# Visual Studio Version 17
VisualStudioVersion = 17.13.35913.81 d17.13
MinimumVisualStudioVersion = 10.0.40219.1
Project("{FAE04EC0-301F-11D3-BF4B-00C04F79EFBC}") = "LCB_Clone_Backend", "LCB_Clone_Backend\LCB_Clone_Backend.csproj", "{99C1AADB-0B2F-4B9A-B38B-DE331F164D57}"
EndProject
Project("{FAE04EC0-301F-11D3-BF4B-00C04F79EFBC}") = "LCB_Clone_Frontend", "LCB_Clone_Frontend\LCB_Clone_Frontend.csproj", "{EB814B14-2DD0-41F8-8236-65A9518ADDF0}"
EndProject
Global
	GlobalSection(SolutionConfigurationPlatforms) = preSolution
		Debug|Any CPU = Debug|Any CPU
		Release|Any CPU = Release|Any CPU
	EndGlobalSection
	GlobalSection(ProjectConfigurationPlatforms) = postSolution
		{99C1AADB-0B2F-4B9A-B38B-DE331F164D57}.Debug|Any CPU.ActiveCfg = Debug|Any CPU
		{99C1AADB-0B2F-4B9A-B38B-DE331F164D57}.Debug|Any CPU.Build.0 = Debug|Any CPU
		{99C1AADB-0B2F-4B9A-B38B-DE331F164D57}.Release|Any CPU.ActiveCfg = Release|Any CPU
		{99C1AADB-0B2F-4B9A-B38B-DE331F164D57}.Release|Any CPU.Build.0 = Release|Any CPU
		{EB814B14-2DD0-41F8-8236-65A9518ADDF0}.Debug|Any CPU.ActiveCfg = Debug|Any CPU
		{EB814B14-2DD0-41F8-8236-65A9518ADDF0}.Debug|Any CPU.Build.0 = Debug|Any CPU
		{EB814B14-2DD0-41F8-8236-65A9518ADDF0}.Release|Any CPU.ActiveCfg = Release|Any CPU
		{EB814B14-2DD0-41F8-8236-65A9518ADDF0}.Release|Any CPU.Build.0 = Release|Any CPU
	EndGlobalSection
	GlobalSection(SolutionProperties) = preSolution
		HideSolutionNode = FALSE
	EndGlobalSection
	GlobalSection(ExtensibilityGlobals) = postSolution
		SolutionGuid = {88FB239C-474B-4C32-A751-AB086EA96C85}
	EndGlobalSection
EndGlobal
